
Microsoft Visual Studio Solution File, Format Version 12.00
# Visual Studio Version 17
VisualStudioVersion = 17.0.31825.309
MinimumVisualStudioVersion = 10.0.40219.1
Project("{9A19103F-16F7-4668-BE54-9A1E7A4F7556}") = "CProcessorAssembler", "CProcessorAssembler\CProcessorAssembler.csproj", "{38A4B823-58A4-4937-BC04-834EAF9E8FF0}"
EndProject
Project("{FAE04EC0-301F-11D3-BF4B-00C04F79EFBC}") = "CProcessorAssemblerTest", "CProcessorAssemblerTest\CProcessorAssemblerTest.csproj", "{2DBC2AE3-CC0B-4A25-BAE2-07BACC4F77B0}"
EndProject
Global
	GlobalSection(SolutionConfigurationPlatforms) = preSolution
		Debug|Any CPU = Debug|Any CPU
		Release|Any CPU = Release|Any CPU
	EndGlobalSection
	GlobalSection(ProjectConfigurationPlatforms) = postSolution
		{38A4B823-58A4-4937-BC04-834EAF9E8FF0}.Debug|Any CPU.ActiveCfg = Debug|Any CPU
		{38A4B823-58A4-4937-BC04-834EAF9E8FF0}.Debug|Any CPU.Build.0 = Debug|Any CPU
		{38A4B823-58A4-4937-BC04-834EAF9E8FF0}.Release|Any CPU.ActiveCfg = Release|Any CPU
		{38A4B823-58A4-4937-BC04-834EAF9E8FF0}.Release|Any CPU.Build.0 = Release|Any CPU
		{2DBC2AE3-CC0B-4A25-BAE2-07BACC4F77B0}.Debug|Any CPU.ActiveCfg = Debug|Any CPU
		{2DBC2AE3-CC0B-4A25-BAE2-07BACC4F77B0}.Debug|Any CPU.Build.0 = Debug|Any CPU
		{2DBC2AE3-CC0B-4A25-BAE2-07BACC4F77B0}.Release|Any CPU.ActiveCfg = Release|Any CPU
		{2DBC2AE3-CC0B-4A25-BAE2-07BACC4F77B0}.Release|Any CPU.Build.0 = Release|Any CPU
	EndGlobalSection
	GlobalSection(SolutionProperties) = preSolution
		HideSolutionNode = FALSE
	EndGlobalSection
	GlobalSection(ExtensibilityGlobals) = postSolution
		SolutionGuid = {3B70EAF6-F134-46C9-B985-14B4439867EA}
	EndGlobalSection
EndGlobal
